// !$*UTF8*$!
{
	archiveVersion = 1;
	classes = {
	};
	objectVersion = 50;
	objects = {

/* Begin PBXBuildFile section */
		058E2500218B5C1E0047C280 /* AppDelegate.swift in Sources */ = {isa = PBXBuildFile; fileRef = 058E24FF218B5C1E0047C280 /* AppDelegate.swift */; };
		058E2502218B5C1E0047C280 /* ViewController.swift in Sources */ = {isa = PBXBuildFile; fileRef = 058E2501218B5C1E0047C280 /* ViewController.swift */; };
		058E2505218B5C1E0047C280 /* Main.storyboard in Resources */ = {isa = PBXBuildFile; fileRef = 058E2503218B5C1E0047C280 /* Main.storyboard */; };
		058E2508218B5C1E0047C280 /* SlantedDoor.xcdatamodeld in Sources */ = {isa = PBXBuildFile; fileRef = 058E2506218B5C1E0047C280 /* SlantedDoor.xcdatamodeld */; };
		058E250A218B5C230047C280 /* Assets.xcassets in Resources */ = {isa = PBXBuildFile; fileRef = 058E2509218B5C230047C280 /* Assets.xcassets */; };
		058E250D218B5C230047C280 /* LaunchScreen.storyboard in Resources */ = {isa = PBXBuildFile; fileRef = 058E250B218B5C230047C280 /* LaunchScreen.storyboard */; };
		058E2518218B5C230047C280 /* SlantedDoorTests.swift in Sources */ = {isa = PBXBuildFile; fileRef = 058E2517218B5C230047C280 /* SlantedDoorTests.swift */; };
		058E2523218B5C230047C280 /* SlantedDoorUITests.swift in Sources */ = {isa = PBXBuildFile; fileRef = 058E2522218B5C230047C280 /* SlantedDoorUITests.swift */; };
		77F7F7CE23775DB7009A8874 /* RoundedButton.swift in Sources */ = {isa = PBXBuildFile; fileRef = 77F7F7CD23775DB7009A8874 /* RoundedButton.swift */; };
		77F7F7E1237790AE009A8874 /* OrderItem.swift in Sources */ = {isa = PBXBuildFile; fileRef = 77F7F7DB237790AE009A8874 /* OrderItem.swift */; };
		77F7F7E2237790AE009A8874 /* OrderItem.swift in Sources */ = {isa = PBXBuildFile; fileRef = 77F7F7DB237790AE009A8874 /* OrderItem.swift */; };
		77F7F7E3237790AE009A8874 /* OrderItem.swift in Sources */ = {isa = PBXBuildFile; fileRef = 77F7F7DB237790AE009A8874 /* OrderItem.swift */; };
		77F7F7E4237790AE009A8874 /* Wine.swift in Sources */ = {isa = PBXBuildFile; fileRef = 77F7F7DC237790AE009A8874 /* Wine.swift */; };
		77F7F7E5237790AE009A8874 /* Wine.swift in Sources */ = {isa = PBXBuildFile; fileRef = 77F7F7DC237790AE009A8874 /* Wine.swift */; };
		77F7F7E6237790AE009A8874 /* Wine.swift in Sources */ = {isa = PBXBuildFile; fileRef = 77F7F7DC237790AE009A8874 /* Wine.swift */; };
		77F7F7E7237790AE009A8874 /* Table.swift in Sources */ = {isa = PBXBuildFile; fileRef = 77F7F7DD237790AE009A8874 /* Table.swift */; };
		77F7F7E8237790AE009A8874 /* Table.swift in Sources */ = {isa = PBXBuildFile; fileRef = 77F7F7DD237790AE009A8874 /* Table.swift */; };
		77F7F7E9237790AE009A8874 /* Table.swift in Sources */ = {isa = PBXBuildFile; fileRef = 77F7F7DD237790AE009A8874 /* Table.swift */; };
		77F7F7EA237790AE009A8874 /* Food.swift in Sources */ = {isa = PBXBuildFile; fileRef = 77F7F7DE237790AE009A8874 /* Food.swift */; };
		77F7F7EB237790AE009A8874 /* Food.swift in Sources */ = {isa = PBXBuildFile; fileRef = 77F7F7DE237790AE009A8874 /* Food.swift */; };
		77F7F7EC237790AE009A8874 /* Food.swift in Sources */ = {isa = PBXBuildFile; fileRef = 77F7F7DE237790AE009A8874 /* Food.swift */; };
		77F7F7F0237790AE009A8874 /* Beverage.swift in Sources */ = {isa = PBXBuildFile; fileRef = 77F7F7E0237790AE009A8874 /* Beverage.swift */; };
		77F7F7F1237790AE009A8874 /* Beverage.swift in Sources */ = {isa = PBXBuildFile; fileRef = 77F7F7E0237790AE009A8874 /* Beverage.swift */; };
		77F7F7F2237790AE009A8874 /* Beverage.swift in Sources */ = {isa = PBXBuildFile; fileRef = 77F7F7E0237790AE009A8874 /* Beverage.swift */; };
/* End PBXBuildFile section */

/* Begin PBXContainerItemProxy section */
		058E2514218B5C230047C280 /* PBXContainerItemProxy */ = {
			isa = PBXContainerItemProxy;
			containerPortal = 058E24F4218B5C1E0047C280 /* Project object */;
			proxyType = 1;
			remoteGlobalIDString = 058E24FB218B5C1E0047C280;
			remoteInfo = SlantedDoor;
		};
		058E251F218B5C230047C280 /* PBXContainerItemProxy */ = {
			isa = PBXContainerItemProxy;
			containerPortal = 058E24F4218B5C1E0047C280 /* Project object */;
			proxyType = 1;
			remoteGlobalIDString = 058E24FB218B5C1E0047C280;
			remoteInfo = SlantedDoor;
		};
/* End PBXContainerItemProxy section */

/* Begin PBXFileReference section */
		058E24FC218B5C1E0047C280 /* SlantedDoor.app */ = {isa = PBXFileReference; explicitFileType = wrapper.application; includeInIndex = 0; path = SlantedDoor.app; sourceTree = BUILT_PRODUCTS_DIR; };
		058E24FF218B5C1E0047C280 /* AppDelegate.swift */ = {isa = PBXFileReference; lastKnownFileType = sourcecode.swift; path = AppDelegate.swift; sourceTree = "<group>"; };
		058E2501218B5C1E0047C280 /* ViewController.swift */ = {isa = PBXFileReference; lastKnownFileType = sourcecode.swift; path = ViewController.swift; sourceTree = "<group>"; };
		058E2504218B5C1E0047C280 /* Base */ = {isa = PBXFileReference; lastKnownFileType = file.storyboard; name = Base; path = Base.lproj/Main.storyboard; sourceTree = "<group>"; };
		058E2507218B5C1E0047C280 /* SlantedDoor.xcdatamodel */ = {isa = PBXFileReference; lastKnownFileType = wrapper.xcdatamodel; path = SlantedDoor.xcdatamodel; sourceTree = "<group>"; };
		058E2509218B5C230047C280 /* Assets.xcassets */ = {isa = PBXFileReference; lastKnownFileType = folder.assetcatalog; path = Assets.xcassets; sourceTree = "<group>"; };
		058E250C218B5C230047C280 /* Base */ = {isa = PBXFileReference; lastKnownFileType = file.storyboard; name = Base; path = Base.lproj/LaunchScreen.storyboard; sourceTree = "<group>"; };
		058E250E218B5C230047C280 /* Info.plist */ = {isa = PBXFileReference; lastKnownFileType = text.plist.xml; path = Info.plist; sourceTree = "<group>"; };
		058E2513218B5C230047C280 /* SlantedDoorTests.xctest */ = {isa = PBXFileReference; explicitFileType = wrapper.cfbundle; includeInIndex = 0; path = SlantedDoorTests.xctest; sourceTree = BUILT_PRODUCTS_DIR; };
		058E2517218B5C230047C280 /* SlantedDoorTests.swift */ = {isa = PBXFileReference; lastKnownFileType = sourcecode.swift; path = SlantedDoorTests.swift; sourceTree = "<group>"; };
		058E2519218B5C230047C280 /* Info.plist */ = {isa = PBXFileReference; lastKnownFileType = text.plist.xml; path = Info.plist; sourceTree = "<group>"; };
		058E251E218B5C230047C280 /* SlantedDoorUITests.xctest */ = {isa = PBXFileReference; explicitFileType = wrapper.cfbundle; includeInIndex = 0; path = SlantedDoorUITests.xctest; sourceTree = BUILT_PRODUCTS_DIR; };
		058E2522218B5C230047C280 /* SlantedDoorUITests.swift */ = {isa = PBXFileReference; lastKnownFileType = sourcecode.swift; path = SlantedDoorUITests.swift; sourceTree = "<group>"; };
		058E2524218B5C230047C280 /* Info.plist */ = {isa = PBXFileReference; lastKnownFileType = text.plist.xml; path = Info.plist; sourceTree = "<group>"; };
		77F7F7CD23775DB7009A8874 /* RoundedButton.swift */ = {isa = PBXFileReference; lastKnownFileType = sourcecode.swift; path = RoundedButton.swift; sourceTree = "<group>"; };
		77F7F7DB237790AE009A8874 /* OrderItem.swift */ = {isa = PBXFileReference; fileEncoding = 4; lastKnownFileType = sourcecode.swift; path = OrderItem.swift; sourceTree = "<group>"; };
		77F7F7DC237790AE009A8874 /* Wine.swift */ = {isa = PBXFileReference; fileEncoding = 4; lastKnownFileType = sourcecode.swift; path = Wine.swift; sourceTree = "<group>"; };
		77F7F7DD237790AE009A8874 /* Table.swift */ = {isa = PBXFileReference; fileEncoding = 4; lastKnownFileType = sourcecode.swift; path = Table.swift; sourceTree = "<group>"; };
		77F7F7DE237790AE009A8874 /* Food.swift */ = {isa = PBXFileReference; fileEncoding = 4; lastKnownFileType = sourcecode.swift; path = Food.swift; sourceTree = "<group>"; };
		77F7F7E0237790AE009A8874 /* Beverage.swift */ = {isa = PBXFileReference; fileEncoding = 4; lastKnownFileType = sourcecode.swift; path = Beverage.swift; sourceTree = "<group>"; };
/* End PBXFileReference section */

/* Begin PBXFrameworksBuildPhase section */
		058E24F9218B5C1E0047C280 /* Frameworks */ = {
			isa = PBXFrameworksBuildPhase;
			buildActionMask = 2147483647;
			files = (
			);
			runOnlyForDeploymentPostprocessing = 0;
		};
		058E2510218B5C230047C280 /* Frameworks */ = {
			isa = PBXFrameworksBuildPhase;
			buildActionMask = 2147483647;
			files = (
			);
			runOnlyForDeploymentPostprocessing = 0;
		};
		058E251B218B5C230047C280 /* Frameworks */ = {
			isa = PBXFrameworksBuildPhase;
			buildActionMask = 2147483647;
			files = (
			);
			runOnlyForDeploymentPostprocessing = 0;
		};
/* End PBXFrameworksBuildPhase section */

/* Begin PBXGroup section */
		058E24F3218B5C1E0047C280 = {
			isa = PBXGroup;
			children = (
				058E24FE218B5C1E0047C280 /* SlantedDoor */,
				058E2516218B5C230047C280 /* SlantedDoorTests */,
				058E2521218B5C230047C280 /* SlantedDoorUITests */,
				058E24FD218B5C1E0047C280 /* Products */,
			);
			sourceTree = "<group>";
		};
		058E24FD218B5C1E0047C280 /* Products */ = {
			isa = PBXGroup;
			children = (
				058E24FC218B5C1E0047C280 /* SlantedDoor.app */,
				058E2513218B5C230047C280 /* SlantedDoorTests.xctest */,
				058E251E218B5C230047C280 /* SlantedDoorUITests.xctest */,
			);
			name = Products;
			sourceTree = "<group>";
		};
		058E24FE218B5C1E0047C280 /* SlantedDoor */ = {
			isa = PBXGroup;
			children = (
				77F7F7C823775C9B009A8874 /* Model */,
				77F7F7C723775C94009A8874 /* View */,
				77F7F7C623775C87009A8874 /* Controller */,
				058E24FF218B5C1E0047C280 /* AppDelegate.swift */,
				058E2503218B5C1E0047C280 /* Main.storyboard */,
				058E250B218B5C230047C280 /* LaunchScreen.storyboard */,
				058E2509218B5C230047C280 /* Assets.xcassets */,
				058E250E218B5C230047C280 /* Info.plist */,
				058E2506218B5C1E0047C280 /* SlantedDoor.xcdatamodeld */,
			);
			path = SlantedDoor;
			sourceTree = "<group>";
		};
		058E2516218B5C230047C280 /* SlantedDoorTests */ = {
			isa = PBXGroup;
			children = (
				058E2517218B5C230047C280 /* SlantedDoorTests.swift */,
				058E2519218B5C230047C280 /* Info.plist */,
			);
			path = SlantedDoorTests;
			sourceTree = "<group>";
		};
		058E2521218B5C230047C280 /* SlantedDoorUITests */ = {
			isa = PBXGroup;
			children = (
				058E2522218B5C230047C280 /* SlantedDoorUITests.swift */,
				058E2524218B5C230047C280 /* Info.plist */,
			);
			path = SlantedDoorUITests;
			sourceTree = "<group>";
		};
		77F7F7C623775C87009A8874 /* Controller */ = {
			isa = PBXGroup;
			children = (
				058E2501218B5C1E0047C280 /* ViewController.swift */,
			);
			path = Controller;
			sourceTree = "<group>";
		};
		77F7F7C723775C94009A8874 /* View */ = {
			isa = PBXGroup;
			children = (
				77F7F7CD23775DB7009A8874 /* RoundedButton.swift */,
			);
			path = View;
			sourceTree = "<group>";
		};
		77F7F7C823775C9B009A8874 /* Model */ = {
			isa = PBXGroup;
			children = (
				77F7F7E0237790AE009A8874 /* Beverage.swift */,
				77F7F7DE237790AE009A8874 /* Food.swift */,
				77F7F7DB237790AE009A8874 /* OrderItem.swift */,
				77F7F7DD237790AE009A8874 /* Table.swift */,
				77F7F7DC237790AE009A8874 /* Wine.swift */,
			);
			path = Model;
			sourceTree = "<group>";
		};
/* End PBXGroup section */

/* Begin PBXNativeTarget section */
		058E24FB218B5C1E0047C280 /* SlantedDoor */ = {
			isa = PBXNativeTarget;
			buildConfigurationList = 058E2527218B5C230047C280 /* Build configuration list for PBXNativeTarget "SlantedDoor" */;
			buildPhases = (
				058E24F8218B5C1E0047C280 /* Sources */,
				058E24F9218B5C1E0047C280 /* Frameworks */,
				058E24FA218B5C1E0047C280 /* Resources */,
			);
			buildRules = (
			);
			dependencies = (
			);
			name = SlantedDoor;
			productName = SlantedDoor;
			productReference = 058E24FC218B5C1E0047C280 /* SlantedDoor.app */;
			productType = "com.apple.product-type.application";
		};
		058E2512218B5C230047C280 /* SlantedDoorTests */ = {
			isa = PBXNativeTarget;
			buildConfigurationList = 058E252A218B5C230047C280 /* Build configuration list for PBXNativeTarget "SlantedDoorTests" */;
			buildPhases = (
				058E250F218B5C230047C280 /* Sources */,
				058E2510218B5C230047C280 /* Frameworks */,
				058E2511218B5C230047C280 /* Resources */,
			);
			buildRules = (
			);
			dependencies = (
				058E2515218B5C230047C280 /* PBXTargetDependency */,
			);
			name = SlantedDoorTests;
			productName = SlantedDoorTests;
			productReference = 058E2513218B5C230047C280 /* SlantedDoorTests.xctest */;
			productType = "com.apple.product-type.bundle.unit-test";
		};
		058E251D218B5C230047C280 /* SlantedDoorUITests */ = {
			isa = PBXNativeTarget;
			buildConfigurationList = 058E252D218B5C230047C280 /* Build configuration list for PBXNativeTarget "SlantedDoorUITests" */;
			buildPhases = (
				058E251A218B5C230047C280 /* Sources */,
				058E251B218B5C230047C280 /* Frameworks */,
				058E251C218B5C230047C280 /* Resources */,
			);
			buildRules = (
			);
			dependencies = (
				058E2520218B5C230047C280 /* PBXTargetDependency */,
			);
			name = SlantedDoorUITests;
			productName = SlantedDoorUITests;
			productReference = 058E251E218B5C230047C280 /* SlantedDoorUITests.xctest */;
			productType = "com.apple.product-type.bundle.ui-testing";
		};
/* End PBXNativeTarget section */

/* Begin PBXProject section */
		058E24F4218B5C1E0047C280 /* Project object */ = {
			isa = PBXProject;
			attributes = {
				LastSwiftUpdateCheck = 1000;
				LastUpgradeCheck = 1000;
				ORGANIZATIONNAME = "Daniel Bacon";
				TargetAttributes = {
					058E24FB218B5C1E0047C280 = {
						CreatedOnToolsVersion = 10.0;
					};
					058E2512218B5C230047C280 = {
						CreatedOnToolsVersion = 10.0;
						TestTargetID = 058E24FB218B5C1E0047C280;
					};
					058E251D218B5C230047C280 = {
						CreatedOnToolsVersion = 10.0;
						TestTargetID = 058E24FB218B5C1E0047C280;
					};
				};
			};
			buildConfigurationList = 058E24F7218B5C1E0047C280 /* Build configuration list for PBXProject "SlantedDoor" */;
			compatibilityVersion = "Xcode 9.3";
			developmentRegion = en;
			hasScannedForEncodings = 0;
			knownRegions = (
				en,
				Base,
			);
			mainGroup = 058E24F3218B5C1E0047C280;
			productRefGroup = 058E24FD218B5C1E0047C280 /* Products */;
			projectDirPath = "";
			projectRoot = "";
			targets = (
				058E24FB218B5C1E0047C280 /* SlantedDoor */,
				058E2512218B5C230047C280 /* SlantedDoorTests */,
				058E251D218B5C230047C280 /* SlantedDoorUITests */,
			);
		};
/* End PBXProject section */

/* Begin PBXResourcesBuildPhase section */
		058E24FA218B5C1E0047C280 /* Resources */ = {
			isa = PBXResourcesBuildPhase;
			buildActionMask = 2147483647;
			files = (
				058E250D218B5C230047C280 /* LaunchScreen.storyboard in Resources */,
				058E250A218B5C230047C280 /* Assets.xcassets in Resources */,
				058E2505218B5C1E0047C280 /* Main.storyboard in Resources */,
			);
			runOnlyForDeploymentPostprocessing = 0;
		};
		058E2511218B5C230047C280 /* Resources */ = {
			isa = PBXResourcesBuildPhase;
			buildActionMask = 2147483647;
			files = (
			);
			runOnlyForDeploymentPostprocessing = 0;
		};
		058E251C218B5C230047C280 /* Resources */ = {
			isa = PBXResourcesBuildPhase;
			buildActionMask = 2147483647;
			files = (
			);
			runOnlyForDeploymentPostprocessing = 0;
		};
/* End PBXResourcesBuildPhase section */

/* Begin PBXSourcesBuildPhase section */
		058E24F8218B5C1E0047C280 /* Sources */ = {
			isa = PBXSourcesBuildPhase;
			buildActionMask = 2147483647;
			files = (
				77F7F7F0237790AE009A8874 /* Beverage.swift in Sources */,
				058E2508218B5C1E0047C280 /* SlantedDoor.xcdatamodeld in Sources */,
				77F7F7E7237790AE009A8874 /* Table.swift in Sources */,
				058E2502218B5C1E0047C280 /* ViewController.swift in Sources */,
				77F7F7E4237790AE009A8874 /* Wine.swift in Sources */,
				77F7F7E1237790AE009A8874 /* OrderItem.swift in Sources */,
				77F7F7EA237790AE009A8874 /* Food.swift in Sources */,
				058E2500218B5C1E0047C280 /* AppDelegate.swift in Sources */,
				77F7F7CE23775DB7009A8874 /* RoundedButton.swift in Sources */,
			);
			runOnlyForDeploymentPostprocessing = 0;
		};
		058E250F218B5C230047C280 /* Sources */ = {
			isa = PBXSourcesBuildPhase;
			buildActionMask = 2147483647;
			files = (
				058E2518218B5C230047C280 /* SlantedDoorTests.swift in Sources */,
				77F7F7E2237790AE009A8874 /* OrderItem.swift in Sources */,
				77F7F7EB237790AE009A8874 /* Food.swift in Sources */,
				77F7F7E8237790AE009A8874 /* Table.swift in Sources */,
				77F7F7E5237790AE009A8874 /* Wine.swift in Sources */,
				77F7F7F1237790AE009A8874 /* Beverage.swift in Sources */,
			);
			runOnlyForDeploymentPostprocessing = 0;
		};
		058E251A218B5C230047C280 /* Sources */ = {
			isa = PBXSourcesBuildPhase;
			buildActionMask = 2147483647;
			files = (
				058E2523218B5C230047C280 /* SlantedDoorUITests.swift in Sources */,
				77F7F7E3237790AE009A8874 /* OrderItem.swift in Sources */,
				77F7F7EC237790AE009A8874 /* Food.swift in Sources */,
				77F7F7E9237790AE009A8874 /* Table.swift in Sources */,
				77F7F7E6237790AE009A8874 /* Wine.swift in Sources */,
				77F7F7F2237790AE009A8874 /* Beverage.swift in Sources */,
			);
			runOnlyForDeploymentPostprocessing = 0;
		};
/* End PBXSourcesBuildPhase section */

/* Begin PBXTargetDependency section */
		058E2515218B5C230047C280 /* PBXTargetDependency */ = {
			isa = PBXTargetDependency;
			target = 058E24FB218B5C1E0047C280 /* SlantedDoor */;
			targetProxy = 058E2514218B5C230047C280 /* PBXContainerItemProxy */;
		};
		058E2520218B5C230047C280 /* PBXTargetDependency */ = {
			isa = PBXTargetDependency;
			target = 058E24FB218B5C1E0047C280 /* SlantedDoor */;
			targetProxy = 058E251F218B5C230047C280 /* PBXContainerItemProxy */;
		};
/* End PBXTargetDependency section */

/* Begin PBXVariantGroup section */
		058E2503218B5C1E0047C280 /* Main.storyboard */ = {
			isa = PBXVariantGroup;
			children = (
				058E2504218B5C1E0047C280 /* Base */,
			);
			name = Main.storyboard;
			sourceTree = "<group>";
		};
		058E250B218B5C230047C280 /* LaunchScreen.storyboard */ = {
			isa = PBXVariantGroup;
			children = (
				058E250C218B5C230047C280 /* Base */,
			);
			name = LaunchScreen.storyboard;
			sourceTree = "<group>";
		};
/* End PBXVariantGroup section */

/* Begin XCBuildConfiguration section */
		058E2525218B5C230047C280 /* Debug */ = {
			isa = XCBuildConfiguration;
			buildSettings = {
				ALWAYS_SEARCH_USER_PATHS = NO;
				CLANG_ANALYZER_NONNULL = YES;
				CLANG_ANALYZER_NUMBER_OBJECT_CONVERSION = YES_AGGRESSIVE;
				CLANG_CXX_LANGUAGE_STANDARD = "gnu++14";
				CLANG_CXX_LIBRARY = "libc++";
				CLANG_ENABLE_MODULES = YES;
				CLANG_ENABLE_OBJC_ARC = YES;
				CLANG_ENABLE_OBJC_WEAK = YES;
				CLANG_WARN_BLOCK_CAPTURE_AUTORELEASING = YES;
				CLANG_WARN_BOOL_CONVERSION = YES;
				CLANG_WARN_COMMA = YES;
				CLANG_WARN_CONSTANT_CONVERSION = YES;
				CLANG_WARN_DEPRECATED_OBJC_IMPLEMENTATIONS = YES;
				CLANG_WARN_DIRECT_OBJC_ISA_USAGE = YES_ERROR;
				CLANG_WARN_DOCUMENTATION_COMMENTS = YES;
				CLANG_WARN_EMPTY_BODY = YES;
				CLANG_WARN_ENUM_CONVERSION = YES;
				CLANG_WARN_INFINITE_RECURSION = YES;
				CLANG_WARN_INT_CONVERSION = YES;
				CLANG_WARN_NON_LITERAL_NULL_CONVERSION = YES;
				CLANG_WARN_OBJC_IMPLICIT_RETAIN_SELF = YES;
				CLANG_WARN_OBJC_LITERAL_CONVERSION = YES;
				CLANG_WARN_OBJC_ROOT_CLASS = YES_ERROR;
				CLANG_WARN_RANGE_LOOP_ANALYSIS = YES;
				CLANG_WARN_STRICT_PROTOTYPES = YES;
				CLANG_WARN_SUSPICIOUS_MOVE = YES;
				CLANG_WARN_UNGUARDED_AVAILABILITY = YES_AGGRESSIVE;
				CLANG_WARN_UNREACHABLE_CODE = YES;
				CLANG_WARN__DUPLICATE_METHOD_MATCH = YES;
				CODE_SIGN_IDENTITY = "iPhone Developer";
				COPY_PHASE_STRIP = NO;
				DEBUG_INFORMATION_FORMAT = dwarf;
				ENABLE_STRICT_OBJC_MSGSEND = YES;
				ENABLE_TESTABILITY = YES;
				GCC_C_LANGUAGE_STANDARD = gnu11;
				GCC_DYNAMIC_NO_PIC = NO;
				GCC_NO_COMMON_BLOCKS = YES;
				GCC_OPTIMIZATION_LEVEL = 0;
				GCC_PREPROCESSOR_DEFINITIONS = (
					"DEBUG=1",
					"$(inherited)",
				);
				GCC_WARN_64_TO_32_BIT_CONVERSION = YES;
				GCC_WARN_ABOUT_RETURN_TYPE = YES_ERROR;
				GCC_WARN_UNDECLARED_SELECTOR = YES;
				GCC_WARN_UNINITIALIZED_AUTOS = YES_AGGRESSIVE;
				GCC_WARN_UNUSED_FUNCTION = YES;
				GCC_WARN_UNUSED_VARIABLE = YES;
				IPHONEOS_DEPLOYMENT_TARGET = 12.0;
				MTL_ENABLE_DEBUG_INFO = INCLUDE_SOURCE;
				MTL_FAST_MATH = YES;
				ONLY_ACTIVE_ARCH = YES;
				SDKROOT = iphoneos;
				SWIFT_ACTIVE_COMPILATION_CONDITIONS = DEBUG;
				SWIFT_OPTIMIZATION_LEVEL = "-Onone";
			};
			name = Debug;
		};
		058E2526218B5C230047C280 /* Release */ = {
			isa = XCBuildConfiguration;
			buildSettings = {
				ALWAYS_SEARCH_USER_PATHS = NO;
				CLANG_ANALYZER_NONNULL = YES;
				CLANG_ANALYZER_NUMBER_OBJECT_CONVERSION = YES_AGGRESSIVE;
				CLANG_CXX_LANGUAGE_STANDARD = "gnu++14";
				CLANG_CXX_LIBRARY = "libc++";
				CLANG_ENABLE_MODULES = YES;
				CLANG_ENABLE_OBJC_ARC = YES;
				CLANG_ENABLE_OBJC_WEAK = YES;
				CLANG_WARN_BLOCK_CAPTURE_AUTORELEASING = YES;
				CLANG_WARN_BOOL_CONVERSION = YES;
				CLANG_WARN_COMMA = YES;
				CLANG_WARN_CONSTANT_CONVERSION = YES;
				CLANG_WARN_DEPRECATED_OBJC_IMPLEMENTATIONS = YES;
				CLANG_WARN_DIRECT_OBJC_ISA_USAGE = YES_ERROR;
				CLANG_WARN_DOCUMENTATION_COMMENTS = YES;
				CLANG_WARN_EMPTY_BODY = YES;
				CLANG_WARN_ENUM_CONVERSION = YES;
				CLANG_WARN_INFINITE_RECURSION = YES;
				CLANG_WARN_INT_CONVERSION = YES;
				CLANG_WARN_NON_LITERAL_NULL_CONVERSION = YES;
				CLANG_WARN_OBJC_IMPLICIT_RETAIN_SELF = YES;
				CLANG_WARN_OBJC_LITERAL_CONVERSION = YES;
				CLANG_WARN_OBJC_ROOT_CLASS = YES_ERROR;
				CLANG_WARN_RANGE_LOOP_ANALYSIS = YES;
				CLANG_WARN_STRICT_PROTOTYPES = YES;
				CLANG_WARN_SUSPICIOUS_MOVE = YES;
				CLANG_WARN_UNGUARDED_AVAILABILITY = YES_AGGRESSIVE;
				CLANG_WARN_UNREACHABLE_CODE = YES;
				CLANG_WARN__DUPLICATE_METHOD_MATCH = YES;
				CODE_SIGN_IDENTITY = "iPhone Developer";
				COPY_PHASE_STRIP = NO;
				DEBUG_INFORMATION_FORMAT = "dwarf-with-dsym";
				ENABLE_NS_ASSERTIONS = NO;
				ENABLE_STRICT_OBJC_MSGSEND = YES;
				GCC_C_LANGUAGE_STANDARD = gnu11;
				GCC_NO_COMMON_BLOCKS = YES;
				GCC_WARN_64_TO_32_BIT_CONVERSION = YES;
				GCC_WARN_ABOUT_RETURN_TYPE = YES_ERROR;
				GCC_WARN_UNDECLARED_SELECTOR = YES;
				GCC_WARN_UNINITIALIZED_AUTOS = YES_AGGRESSIVE;
				GCC_WARN_UNUSED_FUNCTION = YES;
				GCC_WARN_UNUSED_VARIABLE = YES;
				IPHONEOS_DEPLOYMENT_TARGET = 12.0;
				MTL_ENABLE_DEBUG_INFO = NO;
				MTL_FAST_MATH = YES;
				SDKROOT = iphoneos;
				SWIFT_COMPILATION_MODE = wholemodule;
				SWIFT_OPTIMIZATION_LEVEL = "-O";
				VALIDATE_PRODUCT = YES;
			};
			name = Release;
		};
		058E2528218B5C230047C280 /* Debug */ = {
			isa = XCBuildConfiguration;
			buildSettings = {
				ASSETCATALOG_COMPILER_APPICON_NAME = AppIcon;
				CODE_SIGN_STYLE = Automatic;
				DEVELOPMENT_TEAM = N22Z2JKA2L;
				INFOPLIST_FILE = SlantedDoor/Info.plist;
				LD_RUNPATH_SEARCH_PATHS = (
					"$(inherited)",
					"@executable_path/Frameworks",
				);
				PRODUCT_BUNDLE_IDENTIFIER = Bacon.SlantedDoor;
				PRODUCT_NAME = "$(TARGET_NAME)";
				SWIFT_VERSION = 4.2;
				TARGETED_DEVICE_FAMILY = "1,2";
			};
			name = Debug;
		};
		058E2529218B5C230047C280 /* Release */ = {
			isa = XCBuildConfiguration;
			buildSettings = {
				ASSETCATALOG_COMPILER_APPICON_NAME = AppIcon;
				CODE_SIGN_STYLE = Automatic;
				DEVELOPMENT_TEAM = N22Z2JKA2L;
				INFOPLIST_FILE = SlantedDoor/Info.plist;
				LD_RUNPATH_SEARCH_PATHS = (
					"$(inherited)",
					"@executable_path/Frameworks",
				);
				PRODUCT_BUNDLE_IDENTIFIER = Bacon.SlantedDoor;
				PRODUCT_NAME = "$(TARGET_NAME)";
				SWIFT_VERSION = 4.2;
				TARGETED_DEVICE_FAMILY = "1,2";
			};
			name = Release;
		};
		058E252B218B5C230047C280 /* Debug */ = {
			isa = XCBuildConfiguration;
			buildSettings = {
				ALWAYS_EMBED_SWIFT_STANDARD_LIBRARIES = YES;
				BUNDLE_LOADER = "$(TEST_HOST)";
				CODE_SIGN_STYLE = Automatic;
				DEVELOPMENT_TEAM = N22Z2JKA2L;
				INFOPLIST_FILE = SlantedDoorTests/Info.plist;
				LD_RUNPATH_SEARCH_PATHS = (
					"$(inherited)",
					"@executable_path/Frameworks",
					"@loader_path/Frameworks",
				);
				PRODUCT_BUNDLE_IDENTIFIER = Bacon.SlantedDoorTests;
				PRODUCT_NAME = "$(TARGET_NAME)";
				SWIFT_VERSION = 4.2;
				TARGETED_DEVICE_FAMILY = "1,2";
				TEST_HOST = "$(BUILT_PRODUCTS_DIR)/SlantedDoor.app/SlantedDoor";
			};
			name = Debug;
		};
		058E252C218B5C230047C280 /* Release */ = {
			isa = XCBuildConfiguration;
			buildSettings = {
				ALWAYS_EMBED_SWIFT_STANDARD_LIBRARIES = YES;
				BUNDLE_LOADER = "$(TEST_HOST)";
				CODE_SIGN_STYLE = Automatic;
				DEVELOPMENT_TEAM = N22Z2JKA2L;
				INFOPLIST_FILE = SlantedDoorTests/Info.plist;
				LD_RUNPATH_SEARCH_PATHS = (
					"$(inherited)",
					"@executable_path/Frameworks",
					"@loader_path/Frameworks",
				);
				PRODUCT_BUNDLE_IDENTIFIER = Bacon.SlantedDoorTests;
				PRODUCT_NAME = "$(TARGET_NAME)";
				SWIFT_VERSION = 4.2;
				TARGETED_DEVICE_FAMILY = "1,2";
				TEST_HOST = "$(BUILT_PRODUCTS_DIR)/SlantedDoor.app/SlantedDoor";
			};
			name = Release;
		};
		058E252E218B5C230047C280 /* Debug */ = {
			isa = XCBuildConfiguration;
			buildSettings = {
				ALWAYS_EMBED_SWIFT_STANDARD_LIBRARIES = YES;
				CODE_SIGN_STYLE = Automatic;
				DEVELOPMENT_TEAM = N22Z2JKA2L;
				INFOPLIST_FILE = SlantedDoorUITests/Info.plist;
				LD_RUNPATH_SEARCH_PATHS = (
					"$(inherited)",
					"@executable_path/Frameworks",
					"@loader_path/Frameworks",
				);
				PRODUCT_BUNDLE_IDENTIFIER = Bacon.SlantedDoorUITests;
				PRODUCT_NAME = "$(TARGET_NAME)";
				SWIFT_VERSION = 4.2;
				TARGETED_DEVICE_FAMILY = "1,2";
				TEST_TARGET_NAME = SlantedDoor;
			};
			name = Debug;
		};
		058E252F218B5C230047C280 /* Release */ = {
			isa = XCBuildConfiguration;
			buildSettings = {
				ALWAYS_EMBED_SWIFT_STANDARD_LIBRARIES = YES;
				CODE_SIGN_STYLE = Automatic;
				DEVELOPMENT_TEAM = N22Z2JKA2L;
				INFOPLIST_FILE = SlantedDoorUITests/Info.plist;
				LD_RUNPATH_SEARCH_PATHS = (
					"$(inherited)",
					"@executable_path/Frameworks",
					"@loader_path/Frameworks",
				);
				PRODUCT_BUNDLE_IDENTIFIER = Bacon.SlantedDoorUITests;
				PRODUCT_NAME = "$(TARGET_NAME)";
				SWIFT_VERSION = 4.2;
				TARGETED_DEVICE_FAMILY = "1,2";
				TEST_TARGET_NAME = SlantedDoor;
			};
			name = Release;
		};
/* End XCBuildConfiguration section */

/* Begin XCConfigurationList section */
		058E24F7218B5C1E0047C280 /* Build configuration list for PBXProject "SlantedDoor" */ = {
			isa = XCConfigurationList;
			buildConfigurations = (
				058E2525218B5C230047C280 /* Debug */,
				058E2526218B5C230047C280 /* Release */,
			);
			defaultConfigurationIsVisible = 0;
			defaultConfigurationName = Release;
		};
		058E2527218B5C230047C280 /* Build configuration list for PBXNativeTarget "SlantedDoor" */ = {
			isa = XCConfigurationList;
			buildConfigurations = (
				058E2528218B5C230047C280 /* Debug */,
				058E2529218B5C230047C280 /* Release */,
			);
			defaultConfigurationIsVisible = 0;
			defaultConfigurationName = Release;
		};
		058E252A218B5C230047C280 /* Build configuration list for PBXNativeTarget "SlantedDoorTests" */ = {
			isa = XCConfigurationList;
			buildConfigurations = (
				058E252B218B5C230047C280 /* Debug */,
				058E252C218B5C230047C280 /* Release */,
			);
			defaultConfigurationIsVisible = 0;
			defaultConfigurationName = Release;
		};
		058E252D218B5C230047C280 /* Build configuration list for PBXNativeTarget "SlantedDoorUITests" */ = {
			isa = XCConfigurationList;
			buildConfigurations = (
				058E252E218B5C230047C280 /* Debug */,
				058E252F218B5C230047C280 /* Release */,
			);
			defaultConfigurationIsVisible = 0;
			defaultConfigurationName = Release;
		};
/* End XCConfigurationList section */

/* Begin XCVersionGroup section */
		058E2506218B5C1E0047C280 /* SlantedDoor.xcdatamodeld */ = {
			isa = XCVersionGroup;
			children = (
				058E2507218B5C1E0047C280 /* SlantedDoor.xcdatamodel */,
			);
			currentVersion = 058E2507218B5C1E0047C280 /* SlantedDoor.xcdatamodel */;
			path = SlantedDoor.xcdatamodeld;
			sourceTree = "<group>";
			versionGroupType = wrapper.xcdatamodel;
		};
/* End XCVersionGroup section */
	};
	rootObject = 058E24F4218B5C1E0047C280 /* Project object */;
}
